{
  "name": "sudoku-dlx-native-benchmark-dependencies",
  "version": "0.0.0",
  "lockfileVersion": 3,
  "requires": true,
  "packages": {
    "": {
      "name": "sudoku-dlx-native-benchmark-dependencies",
      "version": "0.0.0",
      "license": "UNLICENSED",
      "optionalDependencies": {
        "klsudoku": "1.3.5",
        "sudoku-c": "1.0.0"
      }
    },
    "node_modules/klsudoku": {
      "version": "1.3.5",
      "resolved": "https://registry.npmjs.org/klsudoku/-/klsudoku-1.3.5.tgz",
      "integrity": "sha512-hpZqxNXfOgBgwsnVHXno4hKXa/IBYqGnbwiTwtOgyXG2foMs5Tovslsg7SMisOxfocDdfNtyFkxna+1iUtIwQQ==",
      "hasInstallScript": true,
      "license": "ISC",
      "optional": true,
      "dependencies": {
        "node-addon-api": "^1.4.0"
      }
    },
    "node_modules/node-addon-api": {
      "version": "1.7.2",
      "resolved": "https://registry.npmjs.org/node-addon-api/-/node-addon-api-1.7.2.tgz",
      "integrity": "sha512-ibPK3iA+vaY1eEjESkQkM0BbCqFOaZMiXRTtdB0u7b4djtY6JnsjvPdUHVMg6xQt3B8fpTTWHI9A+ADjM9frzg==",
      "license": "MIT",
      "optional": true
    },
    "node_modules/sudoku-c": {
      "version": "1.0.0",
      "resolved": "https://registry.npmjs.org/sudoku-c/-/sudoku-c-1.0.0.tgz",
      "integrity": "sha512-baZfDSGItVYuzKx+x94KDfqq4uQfniJRC8VW7IJGMKBceMsL3qG+9M1c0w0I1Jmb1ZA46cFa5+5U8sVhYAIcwg==",
      "hasInstallScript": true,
      "license": "MIT",
      "optional": true,
      "engines": {
        "node": ">=0.12"
      }
    }
  }
}
